
Microsoft Visual Studio Solution File, Format Version 12.00
# Visual Studio Version 16
VisualStudioVersion = 16.0.29806.167
MinimumVisualStudioVersion = 10.0.40219.1
Project("{FAE04EC0-301F-11D3-BF4B-00C04F79EFBC}") = "CryingPhone", "CryingPhone.csproj", "{9D940B70-D933-4E43-B6D4-A6BABAF24743}"
EndProject
Global
	GlobalSection(SolutionConfigurationPlatforms) = preSolution
		Debug|Any CPU = Debug|Any CPU
		Release|Any CPU = Release|Any CPU
	EndGlobalSection
	GlobalSection(ProjectConfigurationPlatforms) = postSolution
		{9D940B70-D933-4E43-B6D4-A6BABAF24743}.Debug|Any CPU.ActiveCfg = Debug|Any CPU
		{9D940B70-D933-4E43-B6D4-A6BABAF24743}.Debug|Any CPU.Build.0 = Debug|Any CPU
		{9D940B70-D933-4E43-B6D4-A6BABAF24743}.Debug|Any CPU.Deploy.0 = Debug|Any CPU
		{9D940B70-D933-4E43-B6D4-A6BABAF24743}.Release|Any CPU.ActiveCfg = Release|Any CPU
		{9D940B70-D933-4E43-B6D4-A6BABAF24743}.Release|Any CPU.Build.0 = Release|Any CPU
		{9D940B70-D933-4E43-B6D4-A6BABAF24743}.Release|Any CPU.Deploy.0 = Release|Any CPU
	EndGlobalSection
	GlobalSection(SolutionProperties) = preSolution
		HideSolutionNode = FALSE
	EndGlobalSection
	GlobalSection(ExtensibilityGlobals) = postSolution
		SolutionGuid = {F0107CE0-AE45-4297-BC5C-93DD474E6B28}
	EndGlobalSection
EndGlobal
